
Microsoft Visual Studio Solution File, Format Version 12.00
# Visual Studio Version 17
VisualStudioVersion = 17.10.34916.146
MinimumVisualStudioVersion = 10.0.40219.1
Project("{FAE04EC0-301F-11D3-BF4B-00C04F79EFBC}") = "USART", "USART.csproj", "{9C8A94AD-2CB3-4111-84B0-4714B60D3B04}"
EndProject
Global
	GlobalSection(SolutionConfigurationPlatforms) = preSolution
		Debug|Any CPU = Debug|Any CPU
		Release|Any CPU = Release|Any CPU
	EndGlobalSection
	GlobalSection(ProjectConfigurationPlatforms) = postSolution
		{9C8A94AD-2CB3-4111-84B0-4714B60D3B04}.Debug|Any CPU.ActiveCfg = Debug|Any CPU
		{9C8A94AD-2CB3-4111-84B0-4714B60D3B04}.Debug|Any CPU.Build.0 = Debug|Any CPU
		{9C8A94AD-2CB3-4111-84B0-4714B60D3B04}.Release|Any CPU.ActiveCfg = Release|Any CPU
		{9C8A94AD-2CB3-4111-84B0-4714B60D3B04}.Release|Any CPU.Build.0 = Release|Any CPU
	EndGlobalSection
	GlobalSection(SolutionProperties) = preSolution
		HideSolutionNode = FALSE
	EndGlobalSection
	GlobalSection(ExtensibilityGlobals) = postSolution
		SolutionGuid = {4516E192-D896-49E4-8DD5-C3D7F0236600}
	EndGlobalSection
EndGlobal
